
Microsoft Visual Studio Solution File, Format Version 12.00
# Visual Studio Version 17
VisualStudioVersion = 17.3.32929.385
MinimumVisualStudioVersion = 10.0.40219.1
Project("{FAE04EC0-301F-11D3-BF4B-00C04F79EFBC}") = "DoctorBookManager", "DoctorBookManager\DoctorBookManager.csproj", "{E0FA69AD-BE9E-4632-ABAB-D2919D3E4E8D}"
EndProject
Global
	GlobalSection(SolutionConfigurationPlatforms) = preSolution
		Debug|Any CPU = Debug|Any CPU
		Release|Any CPU = Release|Any CPU
	EndGlobalSection
	GlobalSection(ProjectConfigurationPlatforms) = postSolution
		{E0FA69AD-BE9E-4632-ABAB-D2919D3E4E8D}.Debug|Any CPU.ActiveCfg = Debug|Any CPU
		{E0FA69AD-BE9E-4632-ABAB-D2919D3E4E8D}.Debug|Any CPU.Build.0 = Debug|Any CPU
		{E0FA69AD-BE9E-4632-ABAB-D2919D3E4E8D}.Release|Any CPU.ActiveCfg = Release|Any CPU
		{E0FA69AD-BE9E-4632-ABAB-D2919D3E4E8D}.Release|Any CPU.Build.0 = Release|Any CPU
	EndGlobalSection
	GlobalSection(SolutionProperties) = preSolution
		HideSolutionNode = FALSE
	EndGlobalSection
	GlobalSection(ExtensibilityGlobals) = postSolution
		SolutionGuid = {E0A47758-8FCA-4DB3-B11A-657DE3504660}
	EndGlobalSection
EndGlobal
